// !$*UTF8*$!
{
	archiveVersion = 1;
	classes = {
	};
	objectVersion = 77;
	objects = {

/* Begin PBXBuildFile section */
		29A0DE462EBF936B00F0B073 /* GoogleService-Info.plist in Resources */ = {isa = PBXBuildFile; fileRef = 29A0DE452EBF936B00F0B073 /* GoogleService-Info.plist */; };
		29A0DE492EBFAD6700F0B073 /* FirebaseAuth in Frameworks */ = {isa = PBXBuildFile; productRef = 29A0DE482EBFAD6700F0B073 /* FirebaseAuth */; };
		29A0DE4B2EBFAD6700F0B073 /* FirebaseCore in Frameworks */ = {isa = PBXBuildFile; productRef = 29A0DE4A2EBFAD6700F0B073 /* FirebaseCore */; };
		29A0DE4D2EBFAD6700F0B073 /* FirebaseFirestore in Frameworks */ = {isa = PBXBuildFile; productRef = 29A0DE4C2EBFAD6700F0B073 /* FirebaseFirestore */; };
		29DC46402ED9154C009D9D5F /* .gitignore in Sources */ = {isa = PBXBuildFile; fileRef = 29DC463F2ED91541009D9D5F /* .gitignore */; };
/* End PBXBuildFile section */

/* Begin PBXContainerItemProxy section */
		29938FCF2EBE2FC5005D029A /* PBXContainerItemProxy */ = {
			isa = PBXContainerItemProxy;
			containerPortal = 29938FB92EBE2FC3005D029A /* Project object */;
			proxyType = 1;
			remoteGlobalIDString = 29938FC02EBE2FC3005D029A;
			remoteInfo = PanelliniesApp;
		};
		29938FD92EBE2FC5005D029A /* PBXContainerItemProxy */ = {
			isa = PBXContainerItemProxy;
			containerPortal = 29938FB92EBE2FC3005D029A /* Project object */;
			proxyType = 1;
			remoteGlobalIDString = 29938FC02EBE2FC3005D029A;
			remoteInfo = PanelliniesApp;
		};
/* End PBXContainerItemProxy section */

/* Begin PBXFileReference section */
		29938FC12EBE2FC3005D029A /* PanelliniesApp.app */ = {isa = PBXFileReference; explicitFileType = wrapper.application; includeInIndex = 0; path = PanelliniesApp.app; sourceTree = BUILT_PRODUCTS_DIR; };
		29938FCE2EBE2FC5005D029A /* PanelliniesAppTests.xctest */ = {isa = PBXFileReference; explicitFileType = wrapper.cfbundle; includeInIndex = 0; path = PanelliniesAppTests.xctest; sourceTree = BUILT_PRODUCTS_DIR; };
		29938FD82EBE2FC5005D029A /* PanelliniesAppUITests.xctest */ = {isa = PBXFileReference; explicitFileType = wrapper.cfbundle; includeInIndex = 0; path = PanelliniesAppUITests.xctest; sourceTree = BUILT_PRODUCTS_DIR; };
		29A0DE452EBF936B00F0B073 /* GoogleService-Info.plist */ = {isa = PBXFileReference; lastKnownFileType = text.plist.xml; path = "GoogleService-Info.plist"; sourceTree = "<group>"; };
		29DC463F2ED91541009D9D5F /* .gitignore */ = {isa = PBXFileReference; lastKnownFileType = sourcecode.swift; path = .gitignore; sourceTree = "<group>"; };
/* End PBXFileReference section */

/* Begin PBXFileSystemSynchronizedRootGroup section */
		29938FC32EBE2FC3005D029A /* PanelliniesApp */ = {
			isa = PBXFileSystemSynchronizedRootGroup;
			path = PanelliniesApp;
			sourceTree = "<group>";
		};
		29938FD12EBE2FC5005D029A /* PanelliniesAppTests */ = {
			isa = PBXFileSystemSynchronizedRootGroup;
			path = PanelliniesAppTests;
			sourceTree = "<group>";
		};
		29938FDB2EBE2FC5005D029A /* PanelliniesAppUITests */ = {
			isa = PBXFileSystemSynchronizedRootGroup;
			path = PanelliniesAppUITests;
			sourceTree = "<group>";
		};
/* End PBXFileSystemSynchronizedRootGroup section */

/* Begin PBXFrameworksBuildPhase section */
		29938FBE2EBE2FC3005D029A /* Frameworks */ = {
			isa = PBXFrameworksBuildPhase;
			buildActionMask = 2147483647;
			files = (
				29A0DE4B2EBFAD6700F0B073 /* FirebaseCore in Frameworks */,
				29A0DE492EBFAD6700F0B073 /* FirebaseAuth in Frameworks */,
				29A0DE4D2EBFAD6700F0B073 /* FirebaseFirestore in Frameworks */,
			);
			runOnlyForDeploymentPostprocessing = 0;
		};
		29938FCB2EBE2FC5005D029A /* Frameworks */ = {
			isa = PBXFrameworksBuildPhase;
			buildActionMask = 2147483647;
			files = (
			);
			runOnlyForDeploymentPostprocessing = 0;
		};
		29938FD52EBE2FC5005D029A /* Frameworks */ = {
			isa = PBXFrameworksBuildPhase;
			buildActionMask = 2147483647;
			files = (
			);
			runOnlyForDeploymentPostprocessing = 0;
		};
/* End PBXFrameworksBuildPhase section */

/* Begin PBXGroup section */
		29938FB82EBE2FC3005D029A = {
			isa = PBXGroup;
			children = (
				29DC463F2ED91541009D9D5F /* .gitignore */,
				29938FC32EBE2FC3005D029A /* PanelliniesApp */,
				29938FD12EBE2FC5005D029A /* PanelliniesAppTests */,
				29938FDB2EBE2FC5005D029A /* PanelliniesAppUITests */,
				29938FC22EBE2FC3005D029A /* Products */,
				29A0DE452EBF936B00F0B073 /* GoogleService-Info.plist */,
			);
			sourceTree = "<group>";
		};
		29938FC22EBE2FC3005D029A /* Products */ = {
			isa = PBXGroup;
			children = (
				29938FC12EBE2FC3005D029A /* PanelliniesApp.app */,
				29938FCE2EBE2FC5005D029A /* PanelliniesAppTests.xctest */,
				29938FD82EBE2FC5005D029A /* PanelliniesAppUITests.xctest */,
			);
			name = Products;
			sourceTree = "<group>";
		};
/* End PBXGroup section */

/* Begin PBXNativeTarget section */
		29938FC02EBE2FC3005D029A /* PanelliniesApp */ = {
			isa = PBXNativeTarget;
			buildConfigurationList = 29938FE22EBE2FC5005D029A /* Build configuration list for PBXNativeTarget "PanelliniesApp" */;
			buildPhases = (
				29938FBD2EBE2FC3005D029A /* Sources */,
				29938FBE2EBE2FC3005D029A /* Frameworks */,
				29938FBF2EBE2FC3005D029A /* Resources */,
			);
			buildRules = (
			);
			dependencies = (
			);
			fileSystemSynchronizedGroups = (
				29938FC32EBE2FC3005D029A /* PanelliniesApp */,
			);
			name = PanelliniesApp;
			packageProductDependencies = (
				29A0DE482EBFAD6700F0B073 /* FirebaseAuth */,
				29A0DE4A2EBFAD6700F0B073 /* FirebaseCore */,
				29A0DE4C2EBFAD6700F0B073 /* FirebaseFirestore */,
			);
			productName = PanelliniesApp;
			productReference = 29938FC12EBE2FC3005D029A /* PanelliniesApp.app */;
			productType = "com.apple.product-type.application";
		};
		29938FCD2EBE2FC5005D029A /* PanelliniesAppTests */ = {
			isa = PBXNativeTarget;
			buildConfigurationList = 29938FE52EBE2FC5005D029A /* Build configuration list for PBXNativeTarget "PanelliniesAppTests" */;
			buildPhases = (
				29938FCA2EBE2FC5005D029A /* Sources */,
				29938FCB2EBE2FC5005D029A /* Frameworks */,
				29938FCC2EBE2FC5005D029A /* Resources */,
			);
			buildRules = (
			);
			dependencies = (
				29938FD02EBE2FC5005D029A /* PBXTargetDependency */,
			);
			fileSystemSynchronizedGroups = (
				29938FD12EBE2FC5005D029A /* PanelliniesAppTests */,
			);
			name = PanelliniesAppTests;
			packageProductDependencies = (
			);
			productName = PanelliniesAppTests;
			productReference = 29938FCE2EBE2FC5005D029A /* PanelliniesAppTests.xctest */;
			productType = "com.apple.product-type.bundle.unit-test";
		};
		29938FD72EBE2FC5005D029A /* PanelliniesAppUITests */ = {
			isa = PBXNativeTarget;
			buildConfigurationList = 29938FE82EBE2FC5005D029A /* Build configuration list for PBXNativeTarget "PanelliniesAppUITests" */;
			buildPhases = (
				29938FD42EBE2FC5005D029A /* Sources */,
				29938FD52EBE2FC5005D029A /* Frameworks */,
				29938FD62EBE2FC5005D029A /* Resources */,
			);
			buildRules = (
			);
			dependencies = (
				29938FDA2EBE2FC5005D029A /* PBXTargetDependency */,
			);
			fileSystemSynchronizedGroups = (
				29938FDB2EBE2FC5005D029A /* PanelliniesAppUITests */,
			);
			name = PanelliniesAppUITests;
			packageProductDependencies = (
			);
			productName = PanelliniesAppUITests;
			productReference = 29938FD82EBE2FC5005D029A /* PanelliniesAppUITests.xctest */;
			productType = "com.apple.product-type.bundle.ui-testing";
		};
/* End PBXNativeTarget section */

/* Begin PBXProject section */
		29938FB92EBE2FC3005D029A /* Project object */ = {
			isa = PBXProject;
			attributes = {
				BuildIndependentTargetsInParallel = 1;
				LastSwiftUpdateCheck = 2600;
				LastUpgradeCheck = 2600;
				TargetAttributes = {
					29938FC02EBE2FC3005D029A = {
						CreatedOnToolsVersion = 26.0.1;
					};
					29938FCD2EBE2FC5005D029A = {
						CreatedOnToolsVersion = 26.0.1;
						TestTargetID = 29938FC02EBE2FC3005D029A;
					};
					29938FD72EBE2FC5005D029A = {
						CreatedOnToolsVersion = 26.0.1;
						TestTargetID = 29938FC02EBE2FC3005D029A;
					};
				};
			};
			buildConfigurationList = 29938FBC2EBE2FC3005D029A /* Build configuration list for PBXProject "PanelliniesApp" */;
			developmentRegion = en;
			hasScannedForEncodings = 0;
			knownRegions = (
				en,
				Base,
				el,
			);
			mainGroup = 29938FB82EBE2FC3005D029A;
			minimizedProjectReferenceProxies = 1;
			packageReferences = (
				29A0DE472EBFAD6700F0B073 /* XCRemoteSwiftPackageReference "firebase-ios-sdk" */,
			);
			preferredProjectObjectVersion = 77;
			productRefGroup = 29938FC22EBE2FC3005D029A /* Products */;
			projectDirPath = "";
			projectRoot = "";
			targets = (
				29938FC02EBE2FC3005D029A /* PanelliniesApp */,
				29938FCD2EBE2FC5005D029A /* PanelliniesAppTests */,
				29938FD72EBE2FC5005D029A /* PanelliniesAppUITests */,
			);
		};
/* End PBXProject section */

/* Begin PBXResourcesBuildPhase section */
		29938FBF2EBE2FC3005D029A /* Resources */ = {
			isa = PBXResourcesBuildPhase;
			buildActionMask = 2147483647;
			files = (
				29A0DE462EBF936B00F0B073 /* GoogleService-Info.plist in Resources */,
			);
			runOnlyForDeploymentPostprocessing = 0;
		};
		29938FCC2EBE2FC5005D029A /* Resources */ = {
			isa = PBXResourcesBuildPhase;
			buildActionMask = 2147483647;
			files = (
			);
			runOnlyForDeploymentPostprocessing = 0;
		};
		29938FD62EBE2FC5005D029A /* Resources */ = {
			isa = PBXResourcesBuildPhase;
			buildActionMask = 2147483647;
			files = (
			);
			runOnlyForDeploymentPostprocessing = 0;
		};
/* End PBXResourcesBuildPhase section */

/* Begin PBXSourcesBuildPhase section */
		29938FBD2EBE2FC3005D029A /* Sources */ = {
			isa = PBXSourcesBuildPhase;
			buildActionMask = 2147483647;
			files = (
				29DC46402ED9154C009D9D5F /* .gitignore in Sources */,
			);
			runOnlyForDeploymentPostprocessing = 0;
		};
		29938FCA2EBE2FC5005D029A /* Sources */ = {
			isa = PBXSourcesBuildPhase;
			buildActionMask = 2147483647;
			files = (
			);
			runOnlyForDeploymentPostprocessing = 0;
		};
		29938FD42EBE2FC5005D029A /* Sources */ = {
			isa = PBXSourcesBuildPhase;
			buildActionMask = 2147483647;
			files = (
			);
			runOnlyForDeploymentPostprocessing = 0;
		};
/* End PBXSourcesBuildPhase section */

/* Begin PBXTargetDependency section */
		29938FD02EBE2FC5005D029A /* PBXTargetDependency */ = {
			isa = PBXTargetDependency;
			target = 29938FC02EBE2FC3005D029A /* PanelliniesApp */;
			targetProxy = 29938FCF2EBE2FC5005D029A /* PBXContainerItemProxy */;
		};
		29938FDA2EBE2FC5005D029A /* PBXTargetDependency */ = {
			isa = PBXTargetDependency;
			target = 29938FC02EBE2FC3005D029A /* PanelliniesApp */;
			targetProxy = 29938FD92EBE2FC5005D029A /* PBXContainerItemProxy */;
		};
/* End PBXTargetDependency section */

/* Begin XCBuildConfiguration section */
		29938FE02EBE2FC5005D029A /* Debug */ = {
			isa = XCBuildConfiguration;
			buildSettings = {
				ALWAYS_SEARCH_USER_PATHS = NO;
				ASSETCATALOG_COMPILER_GENERATE_SWIFT_ASSET_SYMBOL_EXTENSIONS = YES;
				CLANG_ANALYZER_NONNULL = YES;
				CLANG_ANALYZER_NUMBER_OBJECT_CONVERSION = YES_AGGRESSIVE;
				CLANG_CXX_LANGUAGE_STANDARD = "gnu++20";
				CLANG_ENABLE_MODULES = YES;
				CLANG_ENABLE_OBJC_ARC = YES;
				CLANG_ENABLE_OBJC_WEAK = YES;
				CLANG_WARN_BLOCK_CAPTURE_AUTORELEASING = YES;
				CLANG_WARN_BOOL_CONVERSION = YES;
				CLANG_WARN_COMMA = YES;
				CLANG_WARN_CONSTANT_CONVERSION = YES;
				CLANG_WARN_DEPRECATED_OBJC_IMPLEMENTATIONS = YES;
				CLANG_WARN_DIRECT_OBJC_ISA_USAGE = YES_ERROR;
				CLANG_WARN_DOCUMENTATION_COMMENTS = YES;
				CLANG_WARN_EMPTY_BODY = YES;
				CLANG_WARN_ENUM_CONVERSION = YES;
				CLANG_WARN_INFINITE_RECURSION = YES;
				CLANG_WARN_INT_CONVERSION = YES;
				CLANG_WARN_NON_LITERAL_NULL_CONVERSION = YES;
				CLANG_WARN_OBJC_IMPLICIT_RETAIN_SELF = YES;
				CLANG_WARN_OBJC_LITERAL_CONVERSION = YES;
				CLANG_WARN_OBJC_ROOT_CLASS = YES_ERROR;
				CLANG_WARN_QUOTED_INCLUDE_IN_FRAMEWORK_HEADER = YES;
				CLANG_WARN_RANGE_LOOP_ANALYSIS = YES;
				CLANG_WARN_STRICT_PROTOTYPES = YES;
				CLANG_WARN_SUSPICIOUS_MOVE = YES;
				CLANG_WARN_UNGUARDED_AVAILABILITY = YES_AGGRESSIVE;
				CLANG_WARN_UNREACHABLE_CODE = YES;
				CLANG_WARN__DUPLICATE_METHOD_MATCH = YES;
				COPY_PHASE_STRIP = NO;
				DEBUG_INFORMATION_FORMAT = dwarf;
				DEVELOPMENT_TEAM = D6XD9HL8YP;
				ENABLE_STRICT_OBJC_MSGSEND = YES;
				ENABLE_TESTABILITY = YES;
				ENABLE_USER_SCRIPT_SANDBOXING = YES;
				GCC_C_LANGUAGE_STANDARD = gnu17;
				GCC_DYNAMIC_NO_PIC = NO;
				GCC_NO_COMMON_BLOCKS = YES;
				GCC_OPTIMIZATION_LEVEL = 0;
				GCC_PREPROCESSOR_DEFINITIONS = (
					"DEBUG=1",
					"$(inherited)",
				);
				GCC_WARN_64_TO_32_BIT_CONVERSION = YES;
				GCC_WARN_ABOUT_RETURN_TYPE = YES_ERROR;
				GCC_WARN_UNDECLARED_SELECTOR = YES;
				GCC_WARN_UNINITIALIZED_AUTOS = YES_AGGRESSIVE;
				GCC_WARN_UNUSED_FUNCTION = YES;
				GCC_WARN_UNUSED_VARIABLE = YES;
				IPHONEOS_DEPLOYMENT_TARGET = 26.0;
				LOCALIZATION_PREFERS_STRING_CATALOGS = YES;
				MTL_ENABLE_DEBUG_INFO = INCLUDE_SOURCE;
				MTL_FAST_MATH = YES;
				ONLY_ACTIVE_ARCH = YES;
				SDKROOT = iphoneos;
				SWIFT_ACTIVE_COMPILATION_CONDITIONS = "DEBUG $(inherited)";
				SWIFT_EMIT_LOC_STRINGS = YES;
				SWIFT_OPTIMIZATION_LEVEL = "-Onone";
			};
			name = Debug;
		};
		29938FE12EBE2FC5005D029A /* Release */ = {
			isa = XCBuildConfiguration;
			buildSettings = {
				ALWAYS_SEARCH_USER_PATHS = NO;
				ASSETCATALOG_COMPILER_GENERATE_SWIFT_ASSET_SYMBOL_EXTENSIONS = YES;
				CLANG_ANALYZER_NONNULL = YES;
				CLANG_ANALYZER_NUMBER_OBJECT_CONVERSION = YES_AGGRESSIVE;
				CLANG_CXX_LANGUAGE_STANDARD = "gnu++20";
				CLANG_ENABLE_MODULES = YES;
				CLANG_ENABLE_OBJC_ARC = YES;
				CLANG_ENABLE_OBJC_WEAK = YES;
				CLANG_WARN_BLOCK_CAPTURE_AUTORELEASING = YES;
				CLANG_WARN_BOOL_CONVERSION = YES;
				CLANG_WARN_COMMA = YES;
				CLANG_WARN_CONSTANT_CONVERSION = YES;
				CLANG_WARN_DEPRECATED_OBJC_IMPLEMENTATIONS = YES;
				CLANG_WARN_DIRECT_OBJC_ISA_USAGE = YES_ERROR;
				CLANG_WARN_DOCUMENTATION_COMMENTS = YES;
				CLANG_WARN_EMPTY_BODY = YES;
				CLANG_WARN_ENUM_CONVERSION = YES;
				CLANG_WARN_INFINITE_RECURSION = YES;
				CLANG_WARN_INT_CONVERSION = YES;
				CLANG_WARN_NON_LITERAL_NULL_CONVERSION = YES;
				CLANG_WARN_OBJC_IMPLICIT_RETAIN_SELF = YES;
				CLANG_WARN_OBJC_LITERAL_CONVERSION = YES;
				CLANG_WARN_OBJC_ROOT_CLASS = YES_ERROR;
				CLANG_WARN_QUOTED_INCLUDE_IN_FRAMEWORK_HEADER = YES;
				CLANG_WARN_RANGE_LOOP_ANALYSIS = YES;
				CLANG_WARN_STRICT_PROTOTYPES = YES;
				CLANG_WARN_SUSPICIOUS_MOVE = YES;
				CLANG_WARN_UNGUARDED_AVAILABILITY = YES_AGGRESSIVE;
				CLANG_WARN_UNREACHABLE_CODE = YES;
				CLANG_WARN__DUPLICATE_METHOD_MATCH = YES;
				COPY_PHASE_STRIP = NO;
				DEBUG_INFORMATION_FORMAT = "dwarf-with-dsym";
				DEVELOPMENT_TEAM = D6XD9HL8YP;
				ENABLE_NS_ASSERTIONS = NO;
				ENABLE_STRICT_OBJC_MSGSEND = YES;
				ENABLE_USER_SCRIPT_SANDBOXING = YES;
				GCC_C_LANGUAGE_STANDARD = gnu17;
				GCC_NO_COMMON_BLOCKS = YES;
				GCC_WARN_64_TO_32_BIT_CONVERSION = YES;
				GCC_WARN_ABOUT_RETURN_TYPE = YES_ERROR;
				GCC_WARN_UNDECLARED_SELECTOR = YES;
				GCC_WARN_UNINITIALIZED_AUTOS = YES_AGGRESSIVE;
				GCC_WARN_UNUSED_FUNCTION = YES;
				GCC_WARN_UNUSED_VARIABLE = YES;
				IPHONEOS_DEPLOYMENT_TARGET = 26.0;
				LOCALIZATION_PREFERS_STRING_CATALOGS = YES;
				MTL_ENABLE_DEBUG_INFO = NO;
				MTL_FAST_MATH = YES;
				SDKROOT = iphoneos;
				SWIFT_COMPILATION_MODE = wholemodule;
				SWIFT_EMIT_LOC_STRINGS = YES;
				VALIDATE_PRODUCT = YES;
			};
			name = Release;
		};
		29938FE32EBE2FC5005D029A /* Debug */ = {
			isa = XCBuildConfiguration;
			buildSettings = {
				ASSETCATALOG_COMPILER_APPICON_NAME = AppIcon;
				ASSETCATALOG_COMPILER_GLOBAL_ACCENT_COLOR_NAME = AccentColor;
				CODE_SIGN_STYLE = Automatic;
				CURRENT_PROJECT_VERSION = 1;
				DEVELOPMENT_TEAM = D6XD9HL8YP;
				ENABLE_PREVIEWS = YES;
				GENERATE_INFOPLIST_FILE = YES;
				INFOPLIST_KEY_UIApplicationSceneManifest_Generation = YES;
				INFOPLIST_KEY_UIApplicationSupportsIndirectInputEvents = YES;
				INFOPLIST_KEY_UILaunchScreen_Generation = YES;
				INFOPLIST_KEY_UISupportedInterfaceOrientations_iPad = "UIInterfaceOrientationPortrait UIInterfaceOrientationPortraitUpsideDown UIInterfaceOrientationLandscapeLeft UIInterfaceOrientationLandscapeRight";
				INFOPLIST_KEY_UISupportedInterfaceOrientations_iPhone = "UIInterfaceOrientationPortrait UIInterfaceOrientationLandscapeLeft UIInterfaceOrientationLandscapeRight";
				LD_RUNPATH_SEARCH_PATHS = (
					"$(inherited)",
					"@executable_path/Frameworks",
				);
				MARKETING_VERSION = 1.0;
				PRODUCT_BUNDLE_IDENTIFIER = "io.efthimis-mar.PanelliniesApp";
				PRODUCT_NAME = "$(TARGET_NAME)";
				STRING_CATALOG_GENERATE_SYMBOLS = YES;
				SWIFT_APPROACHABLE_CONCURRENCY = YES;
				SWIFT_DEFAULT_ACTOR_ISOLATION = MainActor;
				SWIFT_EMIT_LOC_STRINGS = YES;
				SWIFT_UPCOMING_FEATURE_MEMBER_IMPORT_VISIBILITY = YES;
				SWIFT_VERSION = 5.0;
				TARGETED_DEVICE_FAMILY = "1,2";
			};
			name = Debug;
		};
		29938FE42EBE2FC5005D029A /* Release */ = {
			isa = XCBuildConfiguration;
			buildSettings = {
				ASSETCATALOG_COMPILER_APPICON_NAME = AppIcon;
				ASSETCATALOG_COMPILER_GLOBAL_ACCENT_COLOR_NAME = AccentColor;
				CODE_SIGN_STYLE = Automatic;
				CURRENT_PROJECT_VERSION = 1;
				DEVELOPMENT_TEAM = D6XD9HL8YP;
				ENABLE_PREVIEWS = YES;
				GENERATE_INFOPLIST_FILE = YES;
				INFOPLIST_KEY_UIApplicationSceneManifest_Generation = YES;
				INFOPLIST_KEY_UIApplicationSupportsIndirectInputEvents = YES;
				INFOPLIST_KEY_UILaunchScreen_Generation = YES;
				INFOPLIST_KEY_UISupportedInterfaceOrientations_iPad = "UIInterfaceOrientationPortrait UIInterfaceOrientationPortraitUpsideDown UIInterfaceOrientationLandscapeLeft UIInterfaceOrientationLandscapeRight";
				INFOPLIST_KEY_UISupportedInterfaceOrientations_iPhone = "UIInterfaceOrientationPortrait UIInterfaceOrientationLandscapeLeft UIInterfaceOrientationLandscapeRight";
				LD_RUNPATH_SEARCH_PATHS = (
					"$(inherited)",
					"@executable_path/Frameworks",
				);
				MARKETING_VERSION = 1.0;
				PRODUCT_BUNDLE_IDENTIFIER = "io.efthimis-mar.PanelliniesApp";
				PRODUCT_NAME = "$(TARGET_NAME)";
				STRING_CATALOG_GENERATE_SYMBOLS = YES;
				SWIFT_APPROACHABLE_CONCURRENCY = YES;
				SWIFT_DEFAULT_ACTOR_ISOLATION = MainActor;
				SWIFT_EMIT_LOC_STRINGS = YES;
				SWIFT_UPCOMING_FEATURE_MEMBER_IMPORT_VISIBILITY = YES;
				SWIFT_VERSION = 5.0;
				TARGETED_DEVICE_FAMILY = "1,2";
			};
			name = Release;
		};
		29938FE62EBE2FC5005D029A /* Debug */ = {
			isa = XCBuildConfiguration;
			buildSettings = {
				BUNDLE_LOADER = "$(TEST_HOST)";
				CODE_SIGN_STYLE = Automatic;
				CURRENT_PROJECT_VERSION = 1;
				DEVELOPMENT_TEAM = D6XD9HL8YP;
				GENERATE_INFOPLIST_FILE = YES;
				IPHONEOS_DEPLOYMENT_TARGET = 26.0;
				MARKETING_VERSION = 1.0;
				PRODUCT_BUNDLE_IDENTIFIER = "io.efthimis-mar.PanelliniesAppTests";
				PRODUCT_NAME = "$(TARGET_NAME)";
				STRING_CATALOG_GENERATE_SYMBOLS = NO;
				SWIFT_APPROACHABLE_CONCURRENCY = YES;
				SWIFT_EMIT_LOC_STRINGS = NO;
				SWIFT_UPCOMING_FEATURE_MEMBER_IMPORT_VISIBILITY = YES;
				SWIFT_VERSION = 5.0;
				TARGETED_DEVICE_FAMILY = "1,2";
				TEST_HOST = "$(BUILT_PRODUCTS_DIR)/PanelliniesApp.app/$(BUNDLE_EXECUTABLE_FOLDER_PATH)/PanelliniesApp";
			};
			name = Debug;
		};
		29938FE72EBE2FC5005D029A /* Release */ = {
			isa = XCBuildConfiguration;
			buildSettings = {
				BUNDLE_LOADER = "$(TEST_HOST)";
				CODE_SIGN_STYLE = Automatic;
				CURRENT_PROJECT_VERSION = 1;
				DEVELOPMENT_TEAM = D6XD9HL8YP;
				GENERATE_INFOPLIST_FILE = YES;
				IPHONEOS_DEPLOYMENT_TARGET = 26.0;
				MARKETING_VERSION = 1.0;
				PRODUCT_BUNDLE_IDENTIFIER = "io.efthimis-mar.PanelliniesAppTests";
				PRODUCT_NAME = "$(TARGET_NAME)";
				STRING_CATALOG_GENERATE_SYMBOLS = NO;
				SWIFT_APPROACHABLE_CONCURRENCY = YES;
				SWIFT_EMIT_LOC_STRINGS = NO;
				SWIFT_UPCOMING_FEATURE_MEMBER_IMPORT_VISIBILITY = YES;
				SWIFT_VERSION = 5.0;
				TARGETED_DEVICE_FAMILY = "1,2";
				TEST_HOST = "$(BUILT_PRODUCTS_DIR)/PanelliniesApp.app/$(BUNDLE_EXECUTABLE_FOLDER_PATH)/PanelliniesApp";
			};
			name = Release;
		};
		29938FE92EBE2FC5005D029A /* Debug */ = {
			isa = XCBuildConfiguration;
			buildSettings = {
				CODE_SIGN_STYLE = Automatic;
				CURRENT_PROJECT_VERSION = 1;
				DEVELOPMENT_TEAM = D6XD9HL8YP;
				GENERATE_INFOPLIST_FILE = YES;
				MARKETING_VERSION = 1.0;
				PRODUCT_BUNDLE_IDENTIFIER = "io.efthimis-mar.PanelliniesAppUITests";
				PRODUCT_NAME = "$(TARGET_NAME)";
				STRING_CATALOG_GENERATE_SYMBOLS = NO;
				SWIFT_APPROACHABLE_CONCURRENCY = YES;
				SWIFT_EMIT_LOC_STRINGS = NO;
				SWIFT_UPCOMING_FEATURE_MEMBER_IMPORT_VISIBILITY = YES;
				SWIFT_VERSION = 5.0;
				TARGETED_DEVICE_FAMILY = "1,2";
				TEST_TARGET_NAME = PanelliniesApp;
			};
			name = Debug;
		};
		29938FEA2EBE2FC5005D029A /* Release */ = {
			isa = XCBuildConfiguration;
			buildSettings = {
				CODE_SIGN_STYLE = Automatic;
				CURRENT_PROJECT_VERSION = 1;
				DEVELOPMENT_TEAM = D6XD9HL8YP;
				GENERATE_INFOPLIST_FILE = YES;
				MARKETING_VERSION = 1.0;
				PRODUCT_BUNDLE_IDENTIFIER = "io.efthimis-mar.PanelliniesAppUITests";
				PRODUCT_NAME = "$(TARGET_NAME)";
				STRING_CATALOG_GENERATE_SYMBOLS = NO;
				SWIFT_APPROACHABLE_CONCURRENCY = YES;
				SWIFT_EMIT_LOC_STRINGS = NO;
				SWIFT_UPCOMING_FEATURE_MEMBER_IMPORT_VISIBILITY = YES;
				SWIFT_VERSION = 5.0;
				TARGETED_DEVICE_FAMILY = "1,2";
				TEST_TARGET_NAME = PanelliniesApp;
			};
			name = Release;
		};
/* End XCBuildConfiguration section */

/* Begin XCConfigurationList section */
		29938FBC2EBE2FC3005D029A /* Build configuration list for PBXProject "PanelliniesApp" */ = {
			isa = XCConfigurationList;
			buildConfigurations = (
				29938FE02EBE2FC5005D029A /* Debug */,
				29938FE12EBE2FC5005D029A /* Release */,
			);
			defaultConfigurationIsVisible = 0;
			defaultConfigurationName = Release;
		};
		29938FE22EBE2FC5005D029A /* Build configuration list for PBXNativeTarget "PanelliniesApp" */ = {
			isa = XCConfigurationList;
			buildConfigurations = (
				29938FE32EBE2FC5005D029A /* Debug */,
				29938FE42EBE2FC5005D029A /* Release */,
			);
			defaultConfigurationIsVisible = 0;
			defaultConfigurationName = Release;
		};
		29938FE52EBE2FC5005D029A /* Build configuration list for PBXNativeTarget "PanelliniesAppTests" */ = {
			isa = XCConfigurationList;
			buildConfigurations = (
				29938FE62EBE2FC5005D029A /* Debug */,
				29938FE72EBE2FC5005D029A /* Release */,
			);
			defaultConfigurationIsVisible = 0;
			defaultConfigurationName = Release;
		};
		29938FE82EBE2FC5005D029A /* Build configuration list for PBXNativeTarget "PanelliniesAppUITests" */ = {
			isa = XCConfigurationList;
			buildConfigurations = (
				29938FE92EBE2FC5005D029A /* Debug */,
				29938FEA2EBE2FC5005D029A /* Release */,
			);
			defaultConfigurationIsVisible = 0;
			defaultConfigurationName = Release;
		};
/* End XCConfigurationList section */

/* Begin XCRemoteSwiftPackageReference section */
		29A0DE472EBFAD6700F0B073 /* XCRemoteSwiftPackageReference "firebase-ios-sdk" */ = {
			isa = XCRemoteSwiftPackageReference;
			repositoryURL = "https://github.com/firebase/firebase-ios-sdk";
			requirement = {
				kind = upToNextMajorVersion;
				minimumVersion = 12.5.0;
			};
		};
/* End XCRemoteSwiftPackageReference section */

/* Begin XCSwiftPackageProductDependency section */
		29A0DE482EBFAD6700F0B073 /* FirebaseAuth */ = {
			isa = XCSwiftPackageProductDependency;
			package = 29A0DE472EBFAD6700F0B073 /* XCRemoteSwiftPackageReference "firebase-ios-sdk" */;
			productName = FirebaseAuth;
		};
		29A0DE4A2EBFAD6700F0B073 /* FirebaseCore */ = {
			isa = XCSwiftPackageProductDependency;
			package = 29A0DE472EBFAD6700F0B073 /* XCRemoteSwiftPackageReference "firebase-ios-sdk" */;
			productName = FirebaseCore;
		};
		29A0DE4C2EBFAD6700F0B073 /* FirebaseFirestore */ = {
			isa = XCSwiftPackageProductDependency;
			package = 29A0DE472EBFAD6700F0B073 /* XCRemoteSwiftPackageReference "firebase-ios-sdk" */;
			productName = FirebaseFirestore;
		};
/* End XCSwiftPackageProductDependency section */
	};
	rootObject = 29938FB92EBE2FC3005D029A /* Project object */;
}
